
Microsoft Visual Studio Solution File, Format Version 12.00
# Visual Studio Version 17
VisualStudioVersion = 17.9.34714.143
MinimumVisualStudioVersion = 10.0.40219.1
Project("{9A19103F-16F7-4668-BE54-9A1E7A4F7556}") = "VerticalSliceAPI", "API\VerticalSliceAPI.csproj", "{09EDC9EC-541B-43B9-BED8-697EB4FF01A3}"
EndProject
Project("{E53339B2-1760-4266-BCC7-CA923CBCF16C}") = "docker-compose", "docker-compose.dcproj", "{C33C7B43-7688-49CD-A15C-A88920D3AD1E}"
EndProject
Global
	GlobalSection(SolutionConfigurationPlatforms) = preSolution
		Debug|Any CPU = Debug|Any CPU
		Release|Any CPU = Release|Any CPU
	EndGlobalSection
	GlobalSection(ProjectConfigurationPlatforms) = postSolution
		{09EDC9EC-541B-43B9-BED8-697EB4FF01A3}.Debug|Any CPU.ActiveCfg = Debug|Any CPU
		{09EDC9EC-541B-43B9-BED8-697EB4FF01A3}.Debug|Any CPU.Build.0 = Debug|Any CPU
		{09EDC9EC-541B-43B9-BED8-697EB4FF01A3}.Release|Any CPU.ActiveCfg = Release|Any CPU
		{09EDC9EC-541B-43B9-BED8-697EB4FF01A3}.Release|Any CPU.Build.0 = Release|Any CPU
		{C33C7B43-7688-49CD-A15C-A88920D3AD1E}.Debug|Any CPU.ActiveCfg = Debug|Any CPU
		{C33C7B43-7688-49CD-A15C-A88920D3AD1E}.Debug|Any CPU.Build.0 = Debug|Any CPU
		{C33C7B43-7688-49CD-A15C-A88920D3AD1E}.Release|Any CPU.ActiveCfg = Release|Any CPU
		{C33C7B43-7688-49CD-A15C-A88920D3AD1E}.Release|Any CPU.Build.0 = Release|Any CPU
	EndGlobalSection
	GlobalSection(SolutionProperties) = preSolution
		HideSolutionNode = FALSE
	EndGlobalSection
	GlobalSection(ExtensibilityGlobals) = postSolution
		SolutionGuid = {74205017-AC3F-44D7-9383-7BF90BA9FE64}
	EndGlobalSection
EndGlobal
